PODS:
  - amplify_auth_cognito (0.0.1):
    - Flutter
    - FlutterMacOS
  - amplify_secure_storage (0.0.1):
    - Flutter
  - device_info_plus (0.0.1):
    - Flutter
  - Flutter (1.0.0)
  - objective_c (0.0.1):
    - Flutter
  - package_info_plus (0.4.5):
    - Flutter
  - url_launcher_ios (0.0.1):
    - Flutter

DEPENDENCIES:
  - amplify_auth_cognito (from `.symlinks/plugins/amplify_auth_cognito/darwin`)
  - amplify_secure_storage (from `.symlinks/plugins/amplify_secure_storage/ios`)
  - device_info_plus (from `.symlinks/plugins/device_info_plus/ios`)
  - Flutter (from `Flutter`)
  - objective_c (from `.symlinks/plugins/objective_c/ios`)
  - package_info_plus (from `.symlinks/plugins/package_info_plus/ios`)
  - url_launcher_ios (from `.symlinks/plugins/url_launcher_ios/ios`)

EXTERNAL SOURCES:
  amplify_auth_cognito:
    :path: ".symlinks/plugins/amplify_auth_cognito/darwin"
  amplify_secure_storage:
    :path: ".symlinks/plugins/amplify_secure_storage/ios"
  device_info_plus:
    :path: ".symlinks/plugins/device_info_plus/ios"
  Flutter:
    :path: Flutter
  objective_c:
    :path: ".symlinks/plugins/objective_c/ios"
  package_info_plus:
    :path: ".symlinks/plugins/package_info_plus/ios"
  url_launcher_ios:
    :path: ".symlinks/plugins/url_launcher_ios/ios"

SPEC CHECKSUMS:
  amplify_auth_cognito: 2cbc98c0076a9fa687991e10e44e040a18eab19f
  amplify_secure_storage: 719bf32fab6d284bd500ac76a65a0c547592bb66
  device_info_plus: 71ffc6ab7634ade6267c7a93088ed7e4f74e5896
  Flutter: cabc95a1d2626b1b06e7179b784ebcf0c0cde467
  objective_c: 89e720c30d716b036faf9c9684022048eee1eee2
  package_info_plus: 580e9a5f1b6ca5594e7c9ed5f92d1dfb2a66b5e1
  url_launcher_ios: 7a95fa5b60cc718a708b8f2966718e93db0cef1b

PODFILE CHECKSUM: 3c63482e143d1b91d2d2560aee9fb04ecc74ac7e

COCOAPODS: 1.16.2
